# THIS IS AN AUTOGENERATED FILE. DO NOT EDIT THIS FILE DIRECTLY.
# yarn lockfile v1


"@botol/dipo@^0.x":
  version "0.0.3"
  resolved "https://registry.yarnpkg.com/@botol/dipo/-/dipo-0.0.3.tgz#5b610e6d7f606b984282c54543575d659e09efae"
  integrity sha512-6XWisG33fOl0LVQ54VoVuXqRbCjily8KwzkC/LJ2VGNzz6D6xNowGocaI0mww7r8kdgWK83BPaeMNEqrvULngw==

"@botol/tg-types@0.x":
  version "0.0.4"
  resolved "https://registry.yarnpkg.com/@botol/tg-types/-/tg-types-0.0.4.tgz#8bfe06b2886f79cb6551f49df49c68e93a369285"
  integrity sha512-bECh9UEdwuYnScgP6cDQzz7FzVNPg2kX3HhgpmJJROyfF11lOMDtISRy/+Md0YC/tMVX9b8i8dKQZ+3Qhmuacg==

"@types/node@^15.0.3":
  version "15.3.0"
  resolved "https://registry.yarnpkg.com/@types/node/-/node-15.3.0.tgz#d6fed7d6bc6854306da3dea1af9f874b00783e26"
  integrity sha512-8/bnjSZD86ZfpBsDlCIkNXIvm+h6wi9g7IqL+kmFkQ+Wvu3JrasgLElfiPgoo8V8vVfnEi0QVS12gbl94h9YsQ==

typescript@^4.2.4:
  version "4.2.4"
  resolved "https://registry.yarnpkg.com/typescript/-/typescript-4.2.4.tgz#8610b59747de028fda898a8aef0e103f156d0961"
  integrity sha512-V+evlYHZnQkaz8TRBuxTA92yZBPotr5H+WhQ7bD3hZUndx5tGOa1fuCgeSjxAzM1RiN5IzvadIXTVefuuwZCRg==
